
Microsoft Visual Studio Solution File, Format Version 12.00
# Visual Studio Version 16
VisualStudioVersion = 16.0.29411.108
MinimumVisualStudioVersion = 10.0.40219.1
Project("{FAE04EC0-301F-11D3-BF4B-00C04F79EFBC}") = "RoRItems", "RoRItems\RoRItems.csproj", "{6B8362E4-20B4-4FAB-9AAA-20FBC5C3EA8D}"
EndProject
Global
	GlobalSection(SolutionConfigurationPlatforms) = preSolution
		Debug|Any CPU = Debug|Any CPU
		Release|Any CPU = Release|Any CPU
	EndGlobalSection
	GlobalSection(ProjectConfigurationPlatforms) = postSolution
		{6B8362E4-20B4-4FAB-9AAA-20FBC5C3EA8D}.Debug|Any CPU.ActiveCfg = Debug|Any CPU
		{6B8362E4-20B4-4FAB-9AAA-20FBC5C3EA8D}.Debug|Any CPU.Build.0 = Debug|Any CPU
		{6B8362E4-20B4-4FAB-9AAA-20FBC5C3EA8D}.Release|Any CPU.ActiveCfg = Release|Any CPU
		{6B8362E4-20B4-4FAB-9AAA-20FBC5C3EA8D}.Release|Any CPU.Build.0 = Release|Any CPU
	EndGlobalSection
	GlobalSection(SolutionProperties) = preSolution
		HideSolutionNode = FALSE
	EndGlobalSection
	GlobalSection(ExtensibilityGlobals) = postSolution
		SolutionGuid = {65EF7B93-5B74-45A1-9933-EE3E9319F95D}
	EndGlobalSection
EndGlobal
